
Microsoft Visual Studio Solution File, Format Version 12.00
# Visual Studio 15
VisualStudioVersion = 15.0.27004.2002
MinimumVisualStudioVersion = 10.0.40219.1
Project("{9A19103F-16F7-4668-BE54-9A1E7A4F7556}") = "BolNMS.Mobile.Api", "BolNMS.Mobile.Api\BolNMS.Mobile.Api.csproj", "{AF899D47-F794-4145-818F-AF76E6C056AF}"
EndProject
Project("{9A19103F-16F7-4668-BE54-9A1E7A4F7556}") = "BolNMS.Mobile.Repository", "BolNMS.Mobile.Repository\BolNMS.Mobile.Repository.csproj", "{795B31EF-2072-48F5-9397-D04C2B39E1D8}"
EndProject
Project("{9A19103F-16F7-4668-BE54-9A1E7A4F7556}") = "BolNMS.Mobile.Core", "BolNMS.Mobile.Core\BolNMS.Mobile.Core.csproj", "{266BD94D-3510-4F8C-B7CE-CF56F695D3C0}"
EndProject
Project("{FAE04EC0-301F-11D3-BF4B-00C04F79EFBC}") = "BolNMS.Mobile.Service", "BolNMS.Mobile.Service\BolNMS.Mobile.Service.csproj", "{9858CC17-33EF-4F65-AEDC-D94601C7038F}"
EndProject
Project("{FAE04EC0-301F-11D3-BF4B-00C04F79EFBC}") = "BolNMS.Mobile.Common", "BolNMS.Mobile.Common\BolNMS.Mobile.Common.csproj", "{85B14B20-4688-45A1-87F4-ED6438CBF8E4}"
EndProject
Global
	GlobalSection(SolutionConfigurationPlatforms) = preSolution
		Debug|Any CPU = Debug|Any CPU
		Release|Any CPU = Release|Any CPU
	EndGlobalSection
	GlobalSection(ProjectConfigurationPlatforms) = postSolution
		{AF899D47-F794-4145-818F-AF76E6C056AF}.Debug|Any CPU.ActiveCfg = Debug|Any CPU
		{AF899D47-F794-4145-818F-AF76E6C056AF}.Debug|Any CPU.Build.0 = Debug|Any CPU
		{AF899D47-F794-4145-818F-AF76E6C056AF}.Release|Any CPU.ActiveCfg = Release|Any CPU
		{AF899D47-F794-4145-818F-AF76E6C056AF}.Release|Any CPU.Build.0 = Release|Any CPU
		{795B31EF-2072-48F5-9397-D04C2B39E1D8}.Debug|Any CPU.ActiveCfg = Debug|Any CPU
		{795B31EF-2072-48F5-9397-D04C2B39E1D8}.Debug|Any CPU.Build.0 = Debug|Any CPU
		{795B31EF-2072-48F5-9397-D04C2B39E1D8}.Release|Any CPU.ActiveCfg = Release|Any CPU
		{795B31EF-2072-48F5-9397-D04C2B39E1D8}.Release|Any CPU.Build.0 = Release|Any CPU
		{266BD94D-3510-4F8C-B7CE-CF56F695D3C0}.Debug|Any CPU.ActiveCfg = Debug|Any CPU
		{266BD94D-3510-4F8C-B7CE-CF56F695D3C0}.Debug|Any CPU.Build.0 = Debug|Any CPU
		{266BD94D-3510-4F8C-B7CE-CF56F695D3C0}.Release|Any CPU.ActiveCfg = Release|Any CPU
		{266BD94D-3510-4F8C-B7CE-CF56F695D3C0}.Release|Any CPU.Build.0 = Release|Any CPU
		{9858CC17-33EF-4F65-AEDC-D94601C7038F}.Debug|Any CPU.ActiveCfg = Debug|Any CPU
		{9858CC17-33EF-4F65-AEDC-D94601C7038F}.Debug|Any CPU.Build.0 = Debug|Any CPU
		{9858CC17-33EF-4F65-AEDC-D94601C7038F}.Release|Any CPU.ActiveCfg = Release|Any CPU
		{9858CC17-33EF-4F65-AEDC-D94601C7038F}.Release|Any CPU.Build.0 = Release|Any CPU
		{85B14B20-4688-45A1-87F4-ED6438CBF8E4}.Debug|Any CPU.ActiveCfg = Debug|Any CPU
		{85B14B20-4688-45A1-87F4-ED6438CBF8E4}.Debug|Any CPU.Build.0 = Debug|Any CPU
		{85B14B20-4688-45A1-87F4-ED6438CBF8E4}.Release|Any CPU.ActiveCfg = Release|Any CPU
		{85B14B20-4688-45A1-87F4-ED6438CBF8E4}.Release|Any CPU.Build.0 = Release|Any CPU
	EndGlobalSection
	GlobalSection(SolutionProperties) = preSolution
		HideSolutionNode = FALSE
	EndGlobalSection
	GlobalSection(ExtensibilityGlobals) = postSolution
		SolutionGuid = {21596970-0DD5-423E-B2C9-4607570E0365}
	EndGlobalSection
EndGlobal
